
Microsoft Visual Studio Solution File, Format Version 12.00
# Visual Studio Version 17
VisualStudioVersion = 17.0.32112.339
MinimumVisualStudioVersion = 10.0.40219.1
Project("{9A19103F-16F7-4668-BE54-9A1E7A4F7556}") = "OOP_Lab10", "Courses_Task9\OOP_Lab10.csproj", "{D7D849A2-C7F2-4979-87FE-E83D836385A0}"
EndProject
Project("{00D1A9C2-B5F0-4AF3-8072-F6C62B433612}") = "DB", "DB\DB.sqlproj", "{5B04BA29-8068-49A4-BB73-B950199048A5}"
EndProject
Global
	GlobalSection(SolutionConfigurationPlatforms) = preSolution
		Debug|Any CPU = Debug|Any CPU
		Release|Any CPU = Release|Any CPU
	EndGlobalSection
	GlobalSection(ProjectConfigurationPlatforms) = postSolution
		{D7D849A2-C7F2-4979-87FE-E83D836385A0}.Debug|Any CPU.ActiveCfg = Debug|Any CPU
		{D7D849A2-C7F2-4979-87FE-E83D836385A0}.Debug|Any CPU.Build.0 = Debug|Any CPU
		{D7D849A2-C7F2-4979-87FE-E83D836385A0}.Release|Any CPU.ActiveCfg = Release|Any CPU
		{D7D849A2-C7F2-4979-87FE-E83D836385A0}.Release|Any CPU.Build.0 = Release|Any CPU
		{5B04BA29-8068-49A4-BB73-B950199048A5}.Debug|Any CPU.ActiveCfg = Debug|Any CPU
		{5B04BA29-8068-49A4-BB73-B950199048A5}.Debug|Any CPU.Build.0 = Debug|Any CPU
		{5B04BA29-8068-49A4-BB73-B950199048A5}.Debug|Any CPU.Deploy.0 = Debug|Any CPU
		{5B04BA29-8068-49A4-BB73-B950199048A5}.Release|Any CPU.ActiveCfg = Release|Any CPU
		{5B04BA29-8068-49A4-BB73-B950199048A5}.Release|Any CPU.Build.0 = Release|Any CPU
		{5B04BA29-8068-49A4-BB73-B950199048A5}.Release|Any CPU.Deploy.0 = Release|Any CPU
	EndGlobalSection
	GlobalSection(SolutionProperties) = preSolution
		HideSolutionNode = FALSE
	EndGlobalSection
	GlobalSection(ExtensibilityGlobals) = postSolution
		SolutionGuid = {712C7C63-EAB1-49AB-B68D-A358624D22CB}
	EndGlobalSection
EndGlobal
